// !$*UTF8*$!
{
	archiveVersion = 1;
	classes = {
	};
	objectVersion = 50;
	objects = {

/* Begin PBXBuildFile section */
		527CE63422F8CFAF003F9D27 /* spark.png in Resources */ = {isa = PBXBuildFile; fileRef = 527CE63322F8CFAF003F9D27 /* spark.png */; };
		527CE63822F8D0C2003F9D27 /* ParticleScene.sks in Resources */ = {isa = PBXBuildFile; fileRef = 527CE63722F8D0C2003F9D27 /* ParticleScene.sks */; };
		52E322CB22F7148A0086E475 /* AppDelegate.swift in Sources */ = {isa = PBXBuildFile; fileRef = 52E322CA22F7148A0086E475 /* AppDelegate.swift */; };
		52E322CD22F7148A0086E475 /* ViewController.swift in Sources */ = {isa = PBXBuildFile; fileRef = 52E322CC22F7148A0086E475 /* ViewController.swift */; };
		52E322D022F7148A0086E475 /* Main.storyboard in Resources */ = {isa = PBXBuildFile; fileRef = 52E322CE22F7148A0086E475 /* Main.storyboard */; };
		52E322D222F7148B0086E475 /* Assets.xcassets in Resources */ = {isa = PBXBuildFile; fileRef = 52E322D122F7148B0086E475 /* Assets.xcassets */; };
		52E322D522F7148B0086E475 /* LaunchScreen.storyboard in Resources */ = {isa = PBXBuildFile; fileRef = 52E322D322F7148B0086E475 /* LaunchScreen.storyboard */; };
/* End PBXBuildFile section */

/* Begin PBXFileReference section */
		527CE63322F8CFAF003F9D27 /* spark.png */ = {isa = PBXFileReference; lastKnownFileType = image.png; name = spark.png; path = "../../../../Курсы/09. Курс - Application Programming Interface/24 Retrieving coordinates/WeatherApp/spark.png"; sourceTree = "<group>"; };
		527CE63722F8D0C2003F9D27 /* ParticleScene.sks */ = {isa = PBXFileReference; lastKnownFileType = file.sks; name = ParticleScene.sks; path = "../../../../Курсы/09. Курс - Application Programming Interface/24 Retrieving coordinates/WeatherApp/ParticleScene.sks"; sourceTree = "<group>"; };
		52E322C722F7148A0086E475 /* Sistem View Controllers.app */ = {isa = PBXFileReference; explicitFileType = wrapper.application; includeInIndex = 0; path = "Sistem View Controllers.app"; sourceTree = BUILT_PRODUCTS_DIR; };
		52E322CA22F7148A0086E475 /* AppDelegate.swift */ = {isa = PBXFileReference; lastKnownFileType = sourcecode.swift; path = AppDelegate.swift; sourceTree = "<group>"; };
		52E322CC22F7148A0086E475 /* ViewController.swift */ = {isa = PBXFileReference; lastKnownFileType = sourcecode.swift; path = ViewController.swift; sourceTree = "<group>"; };
		52E322CF22F7148A0086E475 /* Base */ = {isa = PBXFileReference; lastKnownFileType = file.storyboard; name = Base; path = Base.lproj/Main.storyboard; sourceTree = "<group>"; };
		52E322D122F7148B0086E475 /* Assets.xcassets */ = {isa = PBXFileReference; lastKnownFileType = folder.assetcatalog; path = Assets.xcassets; sourceTree = "<group>"; };
		52E322D422F7148B0086E475 /* Base */ = {isa = PBXFileReference; lastKnownFileType = file.storyboard; name = Base; path = Base.lproj/LaunchScreen.storyboard; sourceTree = "<group>"; };
		52E322D622F7148B0086E475 /* Info.plist */ = {isa = PBXFileReference; lastKnownFileType = text.plist.xml; path = Info.plist; sourceTree = "<group>"; };
/* End PBXFileReference section */

/* Begin PBXFrameworksBuildPhase section */
		52E322C422F7148A0086E475 /* Frameworks */ = {
			isa = PBXFrameworksBuildPhase;
			buildActionMask = 2147483647;
			files = (
			);
			runOnlyForDeploymentPostprocessing = 0;
		};
/* End PBXFrameworksBuildPhase section */

/* Begin PBXGroup section */
		52E322BE22F7148A0086E475 = {
			isa = PBXGroup;
			children = (
				52E322C922F7148A0086E475 /* Sistem View Controllers */,
				52E322C822F7148A0086E475 /* Products */,
			);
			sourceTree = "<group>";
		};
		52E322C822F7148A0086E475 /* Products */ = {
			isa = PBXGroup;
			children = (
				52E322C722F7148A0086E475 /* Sistem View Controllers.app */,
			);
			name = Products;
			sourceTree = "<group>";
		};
		52E322C922F7148A0086E475 /* Sistem View Controllers */ = {
			isa = PBXGroup;
			children = (
				52E322CA22F7148A0086E475 /* AppDelegate.swift */,
				52E322CC22F7148A0086E475 /* ViewController.swift */,
				52E322CE22F7148A0086E475 /* Main.storyboard */,
				52E322D122F7148B0086E475 /* Assets.xcassets */,
				527CE63322F8CFAF003F9D27 /* spark.png */,
				527CE63722F8D0C2003F9D27 /* ParticleScene.sks */,
				52E322D322F7148B0086E475 /* LaunchScreen.storyboard */,
				52E322D622F7148B0086E475 /* Info.plist */,
			);
			path = "Sistem View Controllers";
			sourceTree = "<group>";
		};
/* End PBXGroup section */

/* Begin PBXNativeTarget section */
		52E322C622F7148A0086E475 /* Sistem View Controllers */ = {
			isa = PBXNativeTarget;
			buildConfigurationList = 52E322D922F7148B0086E475 /* Build configuration list for PBXNativeTarget "Sistem View Controllers" */;
			buildPhases = (
				52E322C322F7148A0086E475 /* Sources */,
				52E322C422F7148A0086E475 /* Frameworks */,
				52E322C522F7148A0086E475 /* Resources */,
			);
			buildRules = (
			);
			dependencies = (
			);
			name = "Sistem View Controllers";
			productName = "Sistem View Controllers";
			productReference = 52E322C722F7148A0086E475 /* Sistem View Controllers.app */;
			productType = "com.apple.product-type.application";
		};
/* End PBXNativeTarget section */

/* Begin PBXProject section */
		52E322BF22F7148A0086E475 /* Project object */ = {
			isa = PBXProject;
			attributes = {
				LastSwiftUpdateCheck = 1030;
				LastUpgradeCheck = 1030;
				ORGANIZATIONNAME = "John Kostanov";
				TargetAttributes = {
					52E322C622F7148A0086E475 = {
						CreatedOnToolsVersion = 10.3;
					};
				};
			};
			buildConfigurationList = 52E322C222F7148A0086E475 /* Build configuration list for PBXProject "Sistem View Controllers" */;
			compatibilityVersion = "Xcode 9.3";
			developmentRegion = en;
			hasScannedForEncodings = 0;
			knownRegions = (
				en,
				Base,
			);
			mainGroup = 52E322BE22F7148A0086E475;
			productRefGroup = 52E322C822F7148A0086E475 /* Products */;
			projectDirPath = "";
			projectRoot = "";
			targets = (
				52E322C622F7148A0086E475 /* Sistem View Controllers */,
			);
		};
/* End PBXProject section */

/* Begin PBXResourcesBuildPhase section */
		52E322C522F7148A0086E475 /* Resources */ = {
			isa = PBXResourcesBuildPhase;
			buildActionMask = 2147483647;
			files = (
				527CE63422F8CFAF003F9D27 /* spark.png in Resources */,
				52E322D522F7148B0086E475 /* LaunchScreen.storyboard in Resources */,
				52E322D222F7148B0086E475 /* Assets.xcassets in Resources */,
				52E322D022F7148A0086E475 /* Main.storyboard in Resources */,
				527CE63822F8D0C2003F9D27 /* ParticleScene.sks in Resources */,
			);
			runOnlyForDeploymentPostprocessing = 0;
		};
/* End PBXResourcesBuildPhase section */

/* Begin PBXSourcesBuildPhase section */
		52E322C322F7148A0086E475 /* Sources */ = {
			isa = PBXSourcesBuildPhase;
			buildActionMask = 2147483647;
			files = (
				52E322CD22F7148A0086E475 /* ViewController.swift in Sources */,
				52E322CB22F7148A0086E475 /* AppDelegate.swift in Sources */,
			);
			runOnlyForDeploymentPostprocessing = 0;
		};
/* End PBXSourcesBuildPhase section */

/* Begin PBXVariantGroup section */
		52E322CE22F7148A0086E475 /* Main.storyboard */ = {
			isa = PBXVariantGroup;
			children = (
				52E322CF22F7148A0086E475 /* Base */,
			);
			name = Main.storyboard;
			sourceTree = "<group>";
		};
		52E322D322F7148B0086E475 /* LaunchScreen.storyboard */ = {
			isa = PBXVariantGroup;
			children = (
				52E322D422F7148B0086E475 /* Base */,
			);
			name = LaunchScreen.storyboard;
			sourceTree = "<group>";
		};
/* End PBXVariantGroup section */

/* Begin XCBuildConfiguration section */
		52E322D722F7148B0086E475 /* Debug */ = {
			isa = XCBuildConfiguration;
			buildSettings = {
				ALWAYS_SEARCH_USER_PATHS = NO;
				CLANG_ANALYZER_NONNULL = YES;
				CLANG_ANALYZER_NUMBER_OBJECT_CONVERSION = YES_AGGRESSIVE;
				CLANG_CXX_LANGUAGE_STANDARD = "gnu++14";
				CLANG_CXX_LIBRARY = "libc++";
				CLANG_ENABLE_MODULES = YES;
				CLANG_ENABLE_OBJC_ARC = YES;
				CLANG_ENABLE_OBJC_WEAK = YES;
				CLANG_WARN_BLOCK_CAPTURE_AUTORELEASING = YES;
				CLANG_WARN_BOOL_CONVERSION = YES;
				CLANG_WARN_COMMA = YES;
				CLANG_WARN_CONSTANT_CONVERSION = YES;
				CLANG_WARN_DEPRECATED_OBJC_IMPLEMENTATIONS = YES;
				CLANG_WARN_DIRECT_OBJC_ISA_USAGE = YES_ERROR;
				CLANG_WARN_DOCUMENTATION_COMMENTS = YES;
				CLANG_WARN_EMPTY_BODY = YES;
				CLANG_WARN_ENUM_CONVERSION = YES;
				CLANG_WARN_INFINITE_RECURSION = YES;
				CLANG_WARN_INT_CONVERSION = YES;
				CLANG_WARN_NON_LITERAL_NULL_CONVERSION = YES;
				CLANG_WARN_OBJC_IMPLICIT_RETAIN_SELF = YES;
				CLANG_WARN_OBJC_LITERAL_CONVERSION = YES;
				CLANG_WARN_OBJC_ROOT_CLASS = YES_ERROR;
				CLANG_WARN_RANGE_LOOP_ANALYSIS = YES;
				CLANG_WARN_STRICT_PROTOTYPES = YES;
				CLANG_WARN_SUSPICIOUS_MOVE = YES;
				CLANG_WARN_UNGUARDED_AVAILABILITY = YES_AGGRESSIVE;
				CLANG_WARN_UNREACHABLE_CODE = YES;
				CLANG_WARN__DUPLICATE_METHOD_MATCH = YES;
				CODE_SIGN_IDENTITY = "iPhone Developer";
				COPY_PHASE_STRIP = NO;
				DEBUG_INFORMATION_FORMAT = dwarf;
				ENABLE_STRICT_OBJC_MSGSEND = YES;
				ENABLE_TESTABILITY = YES;
				GCC_C_LANGUAGE_STANDARD = gnu11;
				GCC_DYNAMIC_NO_PIC = NO;
				GCC_NO_COMMON_BLOCKS = YES;
				GCC_OPTIMIZATION_LEVEL = 0;
				GCC_PREPROCESSOR_DEFINITIONS = (
					"DEBUG=1",
					"$(inherited)",
				);
				GCC_WARN_64_TO_32_BIT_CONVERSION = YES;
				GCC_WARN_ABOUT_RETURN_TYPE = YES_ERROR;
				GCC_WARN_UNDECLARED_SELECTOR = YES;
				GCC_WARN_UNINITIALIZED_AUTOS = YES_AGGRESSIVE;
				GCC_WARN_UNUSED_FUNCTION = YES;
				GCC_WARN_UNUSED_VARIABLE = YES;
				IPHONEOS_DEPLOYMENT_TARGET = 12.4;
				MTL_ENABLE_DEBUG_INFO = INCLUDE_SOURCE;
				MTL_FAST_MATH = YES;
				ONLY_ACTIVE_ARCH = YES;
				SDKROOT = iphoneos;
				SWIFT_ACTIVE_COMPILATION_CONDITIONS = DEBUG;
				SWIFT_OPTIMIZATION_LEVEL = "-Onone";
			};
			name = Debug;
		};
		52E322D822F7148B0086E475 /* Release */ = {
			isa = XCBuildConfiguration;
			buildSettings = {
				ALWAYS_SEARCH_USER_PATHS = NO;
				CLANG_ANALYZER_NONNULL = YES;
				CLANG_ANALYZER_NUMBER_OBJECT_CONVERSION = YES_AGGRESSIVE;
				CLANG_CXX_LANGUAGE_STANDARD = "gnu++14";
				CLANG_CXX_LIBRARY = "libc++";
				CLANG_ENABLE_MODULES = YES;
				CLANG_ENABLE_OBJC_ARC = YES;
				CLANG_ENABLE_OBJC_WEAK = YES;
				CLANG_WARN_BLOCK_CAPTURE_AUTORELEASING = YES;
				CLANG_WARN_BOOL_CONVERSION = YES;
				CLANG_WARN_COMMA = YES;
				CLANG_WARN_CONSTANT_CONVERSION = YES;
				CLANG_WARN_DEPRECATED_OBJC_IMPLEMENTATIONS = YES;
				CLANG_WARN_DIRECT_OBJC_ISA_USAGE = YES_ERROR;
				CLANG_WARN_DOCUMENTATION_COMMENTS = YES;
				CLANG_WARN_EMPTY_BODY = YES;
				CLANG_WARN_ENUM_CONVERSION = YES;
				CLANG_WARN_INFINITE_RECURSION = YES;
				CLANG_WARN_INT_CONVERSION = YES;
				CLANG_WARN_NON_LITERAL_NULL_CONVERSION = YES;
				CLANG_WARN_OBJC_IMPLICIT_RETAIN_SELF = YES;
				CLANG_WARN_OBJC_LITERAL_CONVERSION = YES;
				CLANG_WARN_OBJC_ROOT_CLASS = YES_ERROR;
				CLANG_WARN_RANGE_LOOP_ANALYSIS = YES;
				CLANG_WARN_STRICT_PROTOTYPES = YES;
				CLANG_WARN_SUSPICIOUS_MOVE = YES;
				CLANG_WARN_UNGUARDED_AVAILABILITY = YES_AGGRESSIVE;
				CLANG_WARN_UNREACHABLE_CODE = YES;
				CLANG_WARN__DUPLICATE_METHOD_MATCH = YES;
				CODE_SIGN_IDENTITY = "iPhone Developer";
				COPY_PHASE_STRIP = NO;
				DEBUG_INFORMATION_FORMAT = "dwarf-with-dsym";
				ENABLE_NS_ASSERTIONS = NO;
				ENABLE_STRICT_OBJC_MSGSEND = YES;
				GCC_C_LANGUAGE_STANDARD = gnu11;
				GCC_NO_COMMON_BLOCKS = YES;
				GCC_WARN_64_TO_32_BIT_CONVERSION = YES;
				GCC_WARN_ABOUT_RETURN_TYPE = YES_ERROR;
				GCC_WARN_UNDECLARED_SELECTOR = YES;
				GCC_WARN_UNINITIALIZED_AUTOS = YES_AGGRESSIVE;
				GCC_WARN_UNUSED_FUNCTION = YES;
				GCC_WARN_UNUSED_VARIABLE = YES;
				IPHONEOS_DEPLOYMENT_TARGET = 12.4;
				MTL_ENABLE_DEBUG_INFO = NO;
				MTL_FAST_MATH = YES;
				SDKROOT = iphoneos;
				SWIFT_COMPILATION_MODE = wholemodule;
				SWIFT_OPTIMIZATION_LEVEL = "-O";
				VALIDATE_PRODUCT = YES;
			};
			name = Release;
		};
		52E322DA22F7148B0086E475 /* Debug */ = {
			isa = XCBuildConfiguration;
			buildSettings = {
				ASSETCATALOG_COMPILER_APPICON_NAME = AppIcon;
				CODE_SIGN_STYLE = Automatic;
				DEVELOPMENT_TEAM = 5K285D3RL3;
				INFOPLIST_FILE = "Sistem View Controllers/Info.plist";
				LD_RUNPATH_SEARCH_PATHS = (
					"$(inherited)",
					"@executable_path/Frameworks",
				);
				PRODUCT_BUNDLE_IDENTIFIER = "John-Kostanov.Sistem-View-Controllers";
				PRODUCT_NAME = "$(TARGET_NAME)";
				SWIFT_VERSION = 5.0;
				TARGETED_DEVICE_FAMILY = "1,2";
			};
			name = Debug;
		};
		52E322DB22F7148B0086E475 /* Release */ = {
			isa = XCBuildConfiguration;
			buildSettings = {
				ASSETCATALOG_COMPILER_APPICON_NAME = AppIcon;
				CODE_SIGN_STYLE = Automatic;
				DEVELOPMENT_TEAM = 5K285D3RL3;
				INFOPLIST_FILE = "Sistem View Controllers/Info.plist";
				LD_RUNPATH_SEARCH_PATHS = (
					"$(inherited)",
					"@executable_path/Frameworks",
				);
				PRODUCT_BUNDLE_IDENTIFIER = "John-Kostanov.Sistem-View-Controllers";
				PRODUCT_NAME = "$(TARGET_NAME)";
				SWIFT_VERSION = 5.0;
				TARGETED_DEVICE_FAMILY = "1,2";
			};
			name = Release;
		};
/* End XCBuildConfiguration section */

/* Begin XCConfigurationList section */
		52E322C222F7148A0086E475 /* Build configuration list for PBXProject "Sistem View Controllers" */ = {
			isa = XCConfigurationList;
			buildConfigurations = (
				52E322D722F7148B0086E475 /* Debug */,
				52E322D822F7148B0086E475 /* Release */,
			);
			defaultConfigurationIsVisible = 0;
			defaultConfigurationName = Release;
		};
		52E322D922F7148B0086E475 /* Build configuration list for PBXNativeTarget "Sistem View Controllers" */ = {
			isa = XCConfigurationList;
			buildConfigurations = (
				52E322DA22F7148B0086E475 /* Debug */,
				52E322DB22F7148B0086E475 /* Release */,
			);
			defaultConfigurationIsVisible = 0;
			defaultConfigurationName = Release;
		};
/* End XCConfigurationList section */
	};
	rootObject = 52E322BF22F7148A0086E475 /* Project object */;
}
